
Microsoft Visual Studio Solution File, Format Version 12.00
# Visual Studio Version 17
VisualStudioVersion = 17.0.31903.59
MinimumVisualStudioVersion = 10.0.40219.1
Project("{2150E333-8FDC-42A3-9474-1A3956D46DE8}") = "PH02 - InvertedIndexIR", "PH02 - InvertedIndexIR", "{E36F2F70-6131-832A-AEAE-F9B924A89B1D}"
EndProject
Project("{FAE04EC0-301F-11D3-BF4B-00C04F79EFBC}") = "InvertedIndexIR", "PH02 - InvertedIndexIR\InvertedIndexIR.csproj", "{AE3A8AEB-4DED-4BEA-BE41-FCEAEB171B54}"
EndProject
Project("{FAE04EC0-301F-11D3-BF4B-00C04F79EFBC}") = "PH04 - UnitTest", "PH04 - UnitTest\PH04 - UnitTest.csproj", "{F83270FC-18C1-47FA-8670-9F953FC6335F}"
EndProject
Global
	GlobalSection(SolutionConfigurationPlatforms) = preSolution
		Debug|Any CPU = Debug|Any CPU
		Debug|x64 = Debug|x64
		Debug|x86 = Debug|x86
		Release|Any CPU = Release|Any CPU
		Release|x64 = Release|x64
		Release|x86 = Release|x86
	EndGlobalSection
	GlobalSection(ProjectConfigurationPlatforms) = postSolution
		{AE3A8AEB-4DED-4BEA-BE41-FCEAEB171B54}.Debug|Any CPU.ActiveCfg = Debug|Any CPU
		{AE3A8AEB-4DED-4BEA-BE41-FCEAEB171B54}.Debug|Any CPU.Build.0 = Debug|Any CPU
		{AE3A8AEB-4DED-4BEA-BE41-FCEAEB171B54}.Debug|x64.ActiveCfg = Debug|Any CPU
		{AE3A8AEB-4DED-4BEA-BE41-FCEAEB171B54}.Debug|x64.Build.0 = Debug|Any CPU
		{AE3A8AEB-4DED-4BEA-BE41-FCEAEB171B54}.Debug|x86.ActiveCfg = Debug|Any CPU
		{AE3A8AEB-4DED-4BEA-BE41-FCEAEB171B54}.Debug|x86.Build.0 = Debug|Any CPU
		{AE3A8AEB-4DED-4BEA-BE41-FCEAEB171B54}.Release|Any CPU.ActiveCfg = Release|Any CPU
		{AE3A8AEB-4DED-4BEA-BE41-FCEAEB171B54}.Release|Any CPU.Build.0 = Release|Any CPU
		{AE3A8AEB-4DED-4BEA-BE41-FCEAEB171B54}.Release|x64.ActiveCfg = Release|Any CPU
		{AE3A8AEB-4DED-4BEA-BE41-FCEAEB171B54}.Release|x64.Build.0 = Release|Any CPU
		{AE3A8AEB-4DED-4BEA-BE41-FCEAEB171B54}.Release|x86.ActiveCfg = Release|Any CPU
		{AE3A8AEB-4DED-4BEA-BE41-FCEAEB171B54}.Release|x86.Build.0 = Release|Any CPU
		{F83270FC-18C1-47FA-8670-9F953FC6335F}.Debug|Any CPU.ActiveCfg = Debug|Any CPU
		{F83270FC-18C1-47FA-8670-9F953FC6335F}.Debug|Any CPU.Build.0 = Debug|Any CPU
		{F83270FC-18C1-47FA-8670-9F953FC6335F}.Debug|x64.ActiveCfg = Debug|Any CPU
		{F83270FC-18C1-47FA-8670-9F953FC6335F}.Debug|x64.Build.0 = Debug|Any CPU
		{F83270FC-18C1-47FA-8670-9F953FC6335F}.Debug|x86.ActiveCfg = Debug|Any CPU
		{F83270FC-18C1-47FA-8670-9F953FC6335F}.Debug|x86.Build.0 = Debug|Any CPU
		{F83270FC-18C1-47FA-8670-9F953FC6335F}.Release|Any CPU.ActiveCfg = Release|Any CPU
		{F83270FC-18C1-47FA-8670-9F953FC6335F}.Release|Any CPU.Build.0 = Release|Any CPU
		{F83270FC-18C1-47FA-8670-9F953FC6335F}.Release|x64.ActiveCfg = Release|Any CPU
		{F83270FC-18C1-47FA-8670-9F953FC6335F}.Release|x64.Build.0 = Release|Any CPU
		{F83270FC-18C1-47FA-8670-9F953FC6335F}.Release|x86.ActiveCfg = Release|Any CPU
		{F83270FC-18C1-47FA-8670-9F953FC6335F}.Release|x86.Build.0 = Release|Any CPU
	EndGlobalSection
	GlobalSection(SolutionProperties) = preSolution
		HideSolutionNode = FALSE
	EndGlobalSection
	GlobalSection(NestedProjects) = preSolution
		{AE3A8AEB-4DED-4BEA-BE41-FCEAEB171B54} = {E36F2F70-6131-832A-AEAE-F9B924A89B1D}
	EndGlobalSection
EndGlobal
