
Microsoft Visual Studio Solution File, Format Version 12.00
Project("{FAE04EC0-301F-11D3-BF4B-00C04F79EFBC}") = "InvertedIndexIR", "PH02 - InvertedIndexIR\InvertedIndexIR.csproj", "{1B9A3CC2-EE5C-4D6E-AEEE-A0FCFF6D4508}"
EndProject
Project("{FAE04EC0-301F-11D3-BF4B-00C04F79EFBC}") = "PH04 - UnitTest", "PH04 - UnitTest\PH04 - UnitTest.csproj", "{4A4DBBCA-57DA-4066-AEC6-FC0FB2631BB0}"
EndProject
Global
	GlobalSection(SolutionConfigurationPlatforms) = preSolution
		Debug|Any CPU = Debug|Any CPU
		Release|Any CPU = Release|Any CPU
	EndGlobalSection
	GlobalSection(ProjectConfigurationPlatforms) = postSolution
		{1B9A3CC2-EE5C-4D6E-AEEE-A0FCFF6D4508}.Debug|Any CPU.ActiveCfg = Debug|Any CPU
		{1B9A3CC2-EE5C-4D6E-AEEE-A0FCFF6D4508}.Debug|Any CPU.Build.0 = Debug|Any CPU
		{1B9A3CC2-EE5C-4D6E-AEEE-A0FCFF6D4508}.Release|Any CPU.ActiveCfg = Release|Any CPU
		{1B9A3CC2-EE5C-4D6E-AEEE-A0FCFF6D4508}.Release|Any CPU.Build.0 = Release|Any CPU
		{4A4DBBCA-57DA-4066-AEC6-FC0FB2631BB0}.Debug|Any CPU.ActiveCfg = Debug|Any CPU
		{4A4DBBCA-57DA-4066-AEC6-FC0FB2631BB0}.Debug|Any CPU.Build.0 = Debug|Any CPU
		{4A4DBBCA-57DA-4066-AEC6-FC0FB2631BB0}.Release|Any CPU.ActiveCfg = Release|Any CPU
		{4A4DBBCA-57DA-4066-AEC6-FC0FB2631BB0}.Release|Any CPU.Build.0 = Release|Any CPU
	EndGlobalSection
EndGlobal
