
Microsoft Visual Studio Solution File, Format Version 12.00
# Visual Studio Version 17
VisualStudioVersion = 17.11.35327.3
MinimumVisualStudioVersion = 10.0.40219.1
Project("{9A19103F-16F7-4668-BE54-9A1E7A4F7556}") = "SearchApplication", "SearchApplication\SearchApplication.csproj", "{65DA7D42-71D9-474D-B7B9-620D651DA897}"
EndProject
Global
	GlobalSection(SolutionConfigurationPlatforms) = preSolution
		Debug|Any CPU = Debug|Any CPU
		Release|Any CPU = Release|Any CPU
	EndGlobalSection
	GlobalSection(ProjectConfigurationPlatforms) = postSolution
		{65DA7D42-71D9-474D-B7B9-620D651DA897}.Debug|Any CPU.ActiveCfg = Debug|Any CPU
		{65DA7D42-71D9-474D-B7B9-620D651DA897}.Debug|Any CPU.Build.0 = Debug|Any CPU
		{65DA7D42-71D9-474D-B7B9-620D651DA897}.Release|Any CPU.ActiveCfg = Release|Any CPU
		{65DA7D42-71D9-474D-B7B9-620D651DA897}.Release|Any CPU.Build.0 = Release|Any CPU
	EndGlobalSection
	GlobalSection(SolutionProperties) = preSolution
		HideSolutionNode = FALSE
	EndGlobalSection
	GlobalSection(ExtensibilityGlobals) = postSolution
		SolutionGuid = {12B1D519-600F-417F-9924-078D9FF9C4EE}
	EndGlobalSection
EndGlobal
